// !$*UTF8*$!
{
	archiveVersion = 1;
	classes = {
	};
	objectVersion = 50;
	objects = {

/* Begin PBXBuildFile section */
		F4908A2F2254395500EA4876 /* AppDelegate.swift in Sources */ = {isa = PBXBuildFile; fileRef = F4908A2E2254395500EA4876 /* AppDelegate.swift */; };
		F4908A312254395500EA4876 /* ToDoListViewController.swift in Sources */ = {isa = PBXBuildFile; fileRef = F4908A302254395500EA4876 /* ToDoListViewController.swift */; };
		F4908A342254395500EA4876 /* Main.storyboard in Resources */ = {isa = PBXBuildFile; fileRef = F4908A322254395500EA4876 /* Main.storyboard */; };
		F4908A362254395900EA4876 /* Assets.xcassets in Resources */ = {isa = PBXBuildFile; fileRef = F4908A352254395900EA4876 /* Assets.xcassets */; };
		F4908A392254395900EA4876 /* LaunchScreen.storyboard in Resources */ = {isa = PBXBuildFile; fileRef = F4908A372254395900EA4876 /* LaunchScreen.storyboard */; };
		F4FE582B22D78E5F005A14F5 /* Item.swift in Sources */ = {isa = PBXBuildFile; fileRef = F4FE582A22D78E5F005A14F5 /* Item.swift */; };
/* End PBXBuildFile section */

/* Begin PBXFileReference section */
		F4908A2B2254395500EA4876 /* Tadooey.app */ = {isa = PBXFileReference; explicitFileType = wrapper.application; includeInIndex = 0; path = Tadooey.app; sourceTree = BUILT_PRODUCTS_DIR; };
		F4908A2E2254395500EA4876 /* AppDelegate.swift */ = {isa = PBXFileReference; lastKnownFileType = sourcecode.swift; path = AppDelegate.swift; sourceTree = "<group>"; };
		F4908A302254395500EA4876 /* ToDoListViewController.swift */ = {isa = PBXFileReference; lastKnownFileType = sourcecode.swift; path = ToDoListViewController.swift; sourceTree = "<group>"; };
		F4908A332254395500EA4876 /* Base */ = {isa = PBXFileReference; lastKnownFileType = file.storyboard; name = Base; path = Base.lproj/Main.storyboard; sourceTree = "<group>"; };
		F4908A352254395900EA4876 /* Assets.xcassets */ = {isa = PBXFileReference; lastKnownFileType = folder.assetcatalog; path = Assets.xcassets; sourceTree = "<group>"; };
		F4908A382254395900EA4876 /* Base */ = {isa = PBXFileReference; lastKnownFileType = file.storyboard; name = Base; path = Base.lproj/LaunchScreen.storyboard; sourceTree = "<group>"; };
		F4908A3A2254395900EA4876 /* Info.plist */ = {isa = PBXFileReference; lastKnownFileType = text.plist.xml; path = Info.plist; sourceTree = "<group>"; };
		F4FE582A22D78E5F005A14F5 /* Item.swift */ = {isa = PBXFileReference; lastKnownFileType = sourcecode.swift; path = Item.swift; sourceTree = "<group>"; };
/* End PBXFileReference section */

/* Begin PBXFrameworksBuildPhase section */
		F4908A282254395500EA4876 /* Frameworks */ = {
			isa = PBXFrameworksBuildPhase;
			buildActionMask = 2147483647;
			files = (
			);
			runOnlyForDeploymentPostprocessing = 0;
		};
/* End PBXFrameworksBuildPhase section */

/* Begin PBXGroup section */
		F4908A222254395500EA4876 = {
			isa = PBXGroup;
			children = (
				F4908A2D2254395500EA4876 /* Tadooey */,
				F4908A2C2254395500EA4876 /* Products */,
			);
			sourceTree = "<group>";
		};
		F4908A2C2254395500EA4876 /* Products */ = {
			isa = PBXGroup;
			children = (
				F4908A2B2254395500EA4876 /* Tadooey.app */,
			);
			name = Products;
			sourceTree = "<group>";
		};
		F4908A2D2254395500EA4876 /* Tadooey */ = {
			isa = PBXGroup;
			children = (
				F4908A2E2254395500EA4876 /* AppDelegate.swift */,
				F4FE582D22D78F18005A14F5 /* Controllers */,
				F4FE582E22D78F29005A14F5 /* Views */,
				F4FE582C22D78F02005A14F5 /* Data Model */,
				F4FE582F22D78F42005A14F5 /* Supporting Files */,
				F4908A3A2254395900EA4876 /* Info.plist */,
			);
			path = Tadooey;
			sourceTree = "<group>";
		};
		F4FE582C22D78F02005A14F5 /* Data Model */ = {
			isa = PBXGroup;
			children = (
				F4FE582A22D78E5F005A14F5 /* Item.swift */,
			);
			path = "Data Model";
			sourceTree = "<group>";
		};
		F4FE582D22D78F18005A14F5 /* Controllers */ = {
			isa = PBXGroup;
			children = (
				F4908A302254395500EA4876 /* ToDoListViewController.swift */,
			);
			path = Controllers;
			sourceTree = "<group>";
		};
		F4FE582E22D78F29005A14F5 /* Views */ = {
			isa = PBXGroup;
			children = (
				F4908A322254395500EA4876 /* Main.storyboard */,
			);
			path = Views;
			sourceTree = "<group>";
		};
		F4FE582F22D78F42005A14F5 /* Supporting Files */ = {
			isa = PBXGroup;
			children = (
				F4908A352254395900EA4876 /* Assets.xcassets */,
				F4908A372254395900EA4876 /* LaunchScreen.storyboard */,
			);
			path = "Supporting Files";
			sourceTree = "<group>";
		};
/* End PBXGroup section */

/* Begin PBXNativeTarget section */
		F4908A2A2254395500EA4876 /* Tadooey */ = {
			isa = PBXNativeTarget;
			buildConfigurationList = F4908A3D2254395900EA4876 /* Build configuration list for PBXNativeTarget "Tadooey" */;
			buildPhases = (
				F4908A272254395500EA4876 /* Sources */,
				F4908A282254395500EA4876 /* Frameworks */,
				F4908A292254395500EA4876 /* Resources */,
			);
			buildRules = (
			);
			dependencies = (
			);
			name = Tadooey;
			productName = Tadooey;
			productReference = F4908A2B2254395500EA4876 /* Tadooey.app */;
			productType = "com.apple.product-type.application";
		};
/* End PBXNativeTarget section */

/* Begin PBXProject section */
		F4908A232254395500EA4876 /* Project object */ = {
			isa = PBXProject;
			attributes = {
				LastSwiftUpdateCheck = 1010;
				LastUpgradeCheck = 1010;
				ORGANIZATIONNAME = "Kegan Ronholt";
				TargetAttributes = {
					F4908A2A2254395500EA4876 = {
						CreatedOnToolsVersion = 10.1;
					};
				};
			};
			buildConfigurationList = F4908A262254395500EA4876 /* Build configuration list for PBXProject "Tadooey" */;
			compatibilityVersion = "Xcode 9.3";
			developmentRegion = en;
			hasScannedForEncodings = 0;
			knownRegions = (
				en,
				Base,
			);
			mainGroup = F4908A222254395500EA4876;
			productRefGroup = F4908A2C2254395500EA4876 /* Products */;
			projectDirPath = "";
			projectRoot = "";
			targets = (
				F4908A2A2254395500EA4876 /* Tadooey */,
			);
		};
/* End PBXProject section */

/* Begin PBXResourcesBuildPhase section */
		F4908A292254395500EA4876 /* Resources */ = {
			isa = PBXResourcesBuildPhase;
			buildActionMask = 2147483647;
			files = (
				F4908A392254395900EA4876 /* LaunchScreen.storyboard in Resources */,
				F4908A362254395900EA4876 /* Assets.xcassets in Resources */,
				F4908A342254395500EA4876 /* Main.storyboard in Resources */,
			);
			runOnlyForDeploymentPostprocessing = 0;
		};
/* End PBXResourcesBuildPhase section */

/* Begin PBXSourcesBuildPhase section */
		F4908A272254395500EA4876 /* Sources */ = {
			isa = PBXSourcesBuildPhase;
			buildActionMask = 2147483647;
			files = (
				F4908A312254395500EA4876 /* ToDoListViewController.swift in Sources */,
				F4FE582B22D78E5F005A14F5 /* Item.swift in Sources */,
				F4908A2F2254395500EA4876 /* AppDelegate.swift in Sources */,
			);
			runOnlyForDeploymentPostprocessing = 0;
		};
/* End PBXSourcesBuildPhase section */

/* Begin PBXVariantGroup section */
		F4908A322254395500EA4876 /* Main.storyboard */ = {
			isa = PBXVariantGroup;
			children = (
				F4908A332254395500EA4876 /* Base */,
			);
			name = Main.storyboard;
			sourceTree = "<group>";
		};
		F4908A372254395900EA4876 /* LaunchScreen.storyboard */ = {
			isa = PBXVariantGroup;
			children = (
				F4908A382254395900EA4876 /* Base */,
			);
			name = LaunchScreen.storyboard;
			sourceTree = "<group>";
		};
/* End PBXVariantGroup section */

/* Begin XCBuildConfiguration section */
		F4908A3B2254395900EA4876 /* Debug */ = {
			isa = XCBuildConfiguration;
			buildSettings = {
				ALWAYS_SEARCH_USER_PATHS = NO;
				CLANG_ANALYZER_NONNULL = YES;
				CLANG_ANALYZER_NUMBER_OBJECT_CONVERSION = YES_AGGRESSIVE;
				CLANG_CXX_LANGUAGE_STANDARD = "gnu++14";
				CLANG_CXX_LIBRARY = "libc++";
				CLANG_ENABLE_MODULES = YES;
				CLANG_ENABLE_OBJC_ARC = YES;
				CLANG_ENABLE_OBJC_WEAK = YES;
				CLANG_WARN_BLOCK_CAPTURE_AUTORELEASING = YES;
				CLANG_WARN_BOOL_CONVERSION = YES;
				CLANG_WARN_COMMA = YES;
				CLANG_WARN_CONSTANT_CONVERSION = YES;
				CLANG_WARN_DEPRECATED_OBJC_IMPLEMENTATIONS = YES;
				CLANG_WARN_DIRECT_OBJC_ISA_USAGE = YES_ERROR;
				CLANG_WARN_DOCUMENTATION_COMMENTS = YES;
				CLANG_WARN_EMPTY_BODY = YES;
				CLANG_WARN_ENUM_CONVERSION = YES;
				CLANG_WARN_INFINITE_RECURSION = YES;
				CLANG_WARN_INT_CONVERSION = YES;
				CLANG_WARN_NON_LITERAL_NULL_CONVERSION = YES;
				CLANG_WARN_OBJC_IMPLICIT_RETAIN_SELF = YES;
				CLANG_WARN_OBJC_LITERAL_CONVERSION = YES;
				CLANG_WARN_OBJC_ROOT_CLASS = YES_ERROR;
				CLANG_WARN_RANGE_LOOP_ANALYSIS = YES;
				CLANG_WARN_STRICT_PROTOTYPES = YES;
				CLANG_WARN_SUSPICIOUS_MOVE = YES;
				CLANG_WARN_UNGUARDED_AVAILABILITY = YES_AGGRESSIVE;
				CLANG_WARN_UNREACHABLE_CODE = YES;
				CLANG_WARN__DUPLICATE_METHOD_MATCH = YES;
				CODE_SIGN_IDENTITY = "iPhone Developer";
				COPY_PHASE_STRIP = NO;
				DEBUG_INFORMATION_FORMAT = dwarf;
				ENABLE_STRICT_OBJC_MSGSEND = YES;
				ENABLE_TESTABILITY = YES;
				GCC_C_LANGUAGE_STANDARD = gnu11;
				GCC_DYNAMIC_NO_PIC = NO;
				GCC_NO_COMMON_BLOCKS = YES;
				GCC_OPTIMIZATION_LEVEL = 0;
				GCC_PREPROCESSOR_DEFINITIONS = (
					"DEBUG=1",
					"$(inherited)",
				);
				GCC_WARN_64_TO_32_BIT_CONVERSION = YES;
				GCC_WARN_ABOUT_RETURN_TYPE = YES_ERROR;
				GCC_WARN_UNDECLARED_SELECTOR = YES;
				GCC_WARN_UNINITIALIZED_AUTOS = YES_AGGRESSIVE;
				GCC_WARN_UNUSED_FUNCTION = YES;
				GCC_WARN_UNUSED_VARIABLE = YES;
				IPHONEOS_DEPLOYMENT_TARGET = 12.1;
				MTL_ENABLE_DEBUG_INFO = INCLUDE_SOURCE;
				MTL_FAST_MATH = YES;
				ONLY_ACTIVE_ARCH = YES;
				SDKROOT = iphoneos;
				SWIFT_ACTIVE_COMPILATION_CONDITIONS = DEBUG;
				SWIFT_OPTIMIZATION_LEVEL = "-Onone";
			};
			name = Debug;
		};
		F4908A3C2254395900EA4876 /* Release */ = {
			isa = XCBuildConfiguration;
			buildSettings = {
				ALWAYS_SEARCH_USER_PATHS = NO;
				CLANG_ANALYZER_NONNULL = YES;
				CLANG_ANALYZER_NUMBER_OBJECT_CONVERSION = YES_AGGRESSIVE;
				CLANG_CXX_LANGUAGE_STANDARD = "gnu++14";
				CLANG_CXX_LIBRARY = "libc++";
				CLANG_ENABLE_MODULES = YES;
				CLANG_ENABLE_OBJC_ARC = YES;
				CLANG_ENABLE_OBJC_WEAK = YES;
				CLANG_WARN_BLOCK_CAPTURE_AUTORELEASING = YES;
				CLANG_WARN_BOOL_CONVERSION = YES;
				CLANG_WARN_COMMA = YES;
				CLANG_WARN_CONSTANT_CONVERSION = YES;
				CLANG_WARN_DEPRECATED_OBJC_IMPLEMENTATIONS = YES;
				CLANG_WARN_DIRECT_OBJC_ISA_USAGE = YES_ERROR;
				CLANG_WARN_DOCUMENTATION_COMMENTS = YES;
				CLANG_WARN_EMPTY_BODY = YES;
				CLANG_WARN_ENUM_CONVERSION = YES;
				CLANG_WARN_INFINITE_RECURSION = YES;
				CLANG_WARN_INT_CONVERSION = YES;
				CLANG_WARN_NON_LITERAL_NULL_CONVERSION = YES;
				CLANG_WARN_OBJC_IMPLICIT_RETAIN_SELF = YES;
				CLANG_WARN_OBJC_LITERAL_CONVERSION = YES;
				CLANG_WARN_OBJC_ROOT_CLASS = YES_ERROR;
				CLANG_WARN_RANGE_LOOP_ANALYSIS = YES;
				CLANG_WARN_STRICT_PROTOTYPES = YES;
				CLANG_WARN_SUSPICIOUS_MOVE = YES;
				CLANG_WARN_UNGUARDED_AVAILABILITY = YES_AGGRESSIVE;
				CLANG_WARN_UNREACHABLE_CODE = YES;
				CLANG_WARN__DUPLICATE_METHOD_MATCH = YES;
				CODE_SIGN_IDENTITY = "iPhone Developer";
				COPY_PHASE_STRIP = NO;
				DEBUG_INFORMATION_FORMAT = "dwarf-with-dsym";
				ENABLE_NS_ASSERTIONS = NO;
				ENABLE_STRICT_OBJC_MSGSEND = YES;
				GCC_C_LANGUAGE_STANDARD = gnu11;
				GCC_NO_COMMON_BLOCKS = YES;
				GCC_WARN_64_TO_32_BIT_CONVERSION = YES;
				GCC_WARN_ABOUT_RETURN_TYPE = YES_ERROR;
				GCC_WARN_UNDECLARED_SELECTOR = YES;
				GCC_WARN_UNINITIALIZED_AUTOS = YES_AGGRESSIVE;
				GCC_WARN_UNUSED_FUNCTION = YES;
				GCC_WARN_UNUSED_VARIABLE = YES;
				IPHONEOS_DEPLOYMENT_TARGET = 12.1;
				MTL_ENABLE_DEBUG_INFO = NO;
				MTL_FAST_MATH = YES;
				SDKROOT = iphoneos;
				SWIFT_COMPILATION_MODE = wholemodule;
				SWIFT_OPTIMIZATION_LEVEL = "-O";
				VALIDATE_PRODUCT = YES;
			};
			name = Release;
		};
		F4908A3E2254395900EA4876 /* Debug */ = {
			isa = XCBuildConfiguration;
			buildSettings = {
				ASSETCATALOG_COMPILER_APPICON_NAME = AppIcon;
				CODE_SIGN_STYLE = Automatic;
				DEVELOPMENT_TEAM = BVK89D3HP4;
				INFOPLIST_FILE = Tadooey/Info.plist;
				LD_RUNPATH_SEARCH_PATHS = (
					"$(inherited)",
					"@executable_path/Frameworks",
				);
				PRODUCT_BUNDLE_IDENTIFIER = com.keganronholt.Tadooey;
				PRODUCT_NAME = "$(TARGET_NAME)";
				SWIFT_VERSION = 4.2;
				TARGETED_DEVICE_FAMILY = "1,2";
			};
			name = Debug;
		};
		F4908A3F2254395900EA4876 /* Release */ = {
			isa = XCBuildConfiguration;
			buildSettings = {
				ASSETCATALOG_COMPILER_APPICON_NAME = AppIcon;
				CODE_SIGN_STYLE = Automatic;
				DEVELOPMENT_TEAM = BVK89D3HP4;
				INFOPLIST_FILE = Tadooey/Info.plist;
				LD_RUNPATH_SEARCH_PATHS = (
					"$(inherited)",
					"@executable_path/Frameworks",
				);
				PRODUCT_BUNDLE_IDENTIFIER = com.keganronholt.Tadooey;
				PRODUCT_NAME = "$(TARGET_NAME)";
				SWIFT_VERSION = 4.2;
				TARGETED_DEVICE_FAMILY = "1,2";
			};
			name = Release;
		};
/* End XCBuildConfiguration section */

/* Begin XCConfigurationList section */
		F4908A262254395500EA4876 /* Build configuration list for PBXProject "Tadooey" */ = {
			isa = XCConfigurationList;
			buildConfigurations = (
				F4908A3B2254395900EA4876 /* Debug */,
				F4908A3C2254395900EA4876 /* Release */,
			);
			defaultConfigurationIsVisible = 0;
			defaultConfigurationName = Release;
		};
		F4908A3D2254395900EA4876 /* Build configuration list for PBXNativeTarget "Tadooey" */ = {
			isa = XCConfigurationList;
			buildConfigurations = (
				F4908A3E2254395900EA4876 /* Debug */,
				F4908A3F2254395900EA4876 /* Release */,
			);
			defaultConfigurationIsVisible = 0;
			defaultConfigurationName = Release;
		};
/* End XCConfigurationList section */
	};
	rootObject = F4908A232254395500EA4876 /* Project object */;
}
